
Microsoft Visual Studio Solution File, Format Version 12.00
# Visual Studio Version 16
VisualStudioVersion = 16.0.31729.503
MinimumVisualStudioVersion = 10.0.40219.1
Project("{FAE04EC0-301F-11D3-BF4B-00C04F79EFBC}") = "Микрокроссворд", "Микрокроссворд\Микрокроссворд.csproj", "{A3166091-E4A1-4AD3-A583-424D2C0EA538}"
EndProject
Global
	GlobalSection(SolutionConfigurationPlatforms) = preSolution
		Debug|Any CPU = Debug|Any CPU
		Release|Any CPU = Release|Any CPU
	EndGlobalSection
	GlobalSection(ProjectConfigurationPlatforms) = postSolution
		{A3166091-E4A1-4AD3-A583-424D2C0EA538}.Debug|Any CPU.ActiveCfg = Debug|Any CPU
		{A3166091-E4A1-4AD3-A583-424D2C0EA538}.Debug|Any CPU.Build.0 = Debug|Any CPU
		{A3166091-E4A1-4AD3-A583-424D2C0EA538}.Release|Any CPU.ActiveCfg = Release|Any CPU
		{A3166091-E4A1-4AD3-A583-424D2C0EA538}.Release|Any CPU.Build.0 = Release|Any CPU
	EndGlobalSection
	GlobalSection(SolutionProperties) = preSolution
		HideSolutionNode = FALSE
	EndGlobalSection
	GlobalSection(ExtensibilityGlobals) = postSolution
		SolutionGuid = {29BAD8D3-EE19-4A78-90DF-ED18443C0BF0}
	EndGlobalSection
EndGlobal
